// !$*UTF8*$!
{
	archiveVersion = 1;
	classes = {
	};
	objectVersion = 77;
	objects = {

/* Begin PBXBuildFile section */
		7EB49A26A989331A34DC6941 /* AetherCircleCore in Frameworks */ = {isa = PBXBuildFile; productRef = AF45BB9424018FC73E55FFA5 /* AetherCircleCore */; };
		86BBE8CCFFCD1F5AA71B68CF /* ShowcaseAVPApp.swift in Sources */ = {isa = PBXBuildFile; fileRef = 1EBDCEE2FECED2BE00A8CBB1 /* ShowcaseAVPApp.swift */; };
		AAB1526EB8D9A1A56BABD618 /* Assets.xcassets in Resources */ = {isa = PBXBuildFile; fileRef = A6C99F58C91D9C3CADA03897 /* Assets.xcassets */; };
		CD5A65A8D631A72E886816FB /* AetherCircleAVP in Frameworks */ = {isa = PBXBuildFile; productRef = 2E806ECE7C71242CC92CA766 /* AetherCircleAVP */; };
		E50080025B073E6B8DB867ED /* Swift in Sources */ = {isa = PBXBuildFile; fileRef = 2C62F6442975E0E9A16AD720 /* Swift */; };
		E7DAC3F13FD4AD366F0B30ED /* Files in Resources */ = {isa = PBXBuildFile; fileRef = 7EF1BABD16001F486CC0CA3B /* Files */; };
/* End PBXBuildFile section */

/* Begin PBXFileReference section */
		1EBDCEE2FECED2BE00A8CBB1 /* ShowcaseAVPApp.swift */ = {isa = PBXFileReference; lastKnownFileType = sourcecode.swift; path = ShowcaseAVPApp.swift; sourceTree = "<group>"; };
		28E2989C916090F17C7C29AD /* Showcase.app */ = {isa = PBXFileReference; explicitFileType = wrapper.application; includeInIndex = 0; path = Showcase.app; sourceTree = BUILT_PRODUCTS_DIR; };
		A6C99F58C91D9C3CADA03897 /* Assets.xcassets */ = {isa = PBXFileReference; lastKnownFileType = folder.assetcatalog; path = Assets.xcassets; sourceTree = "<group>"; };
		B9D69CF73EC939DFD6A639DC /* Info.plist */ = {isa = PBXFileReference; lastKnownFileType = text.plist; path = Info.plist; sourceTree = "<group>"; };
/* End PBXFileReference section */

/* Begin PBXFileSystemSynchronizedRootGroup section */
		2C62F6442975E0E9A16AD720 /* Swift */ = {
			isa = PBXFileSystemSynchronizedRootGroup;
			path = Swift;
			sourceTree = "<group>";
		};
		7EF1BABD16001F486CC0CA3B /* Files */ = {
			isa = PBXFileSystemSynchronizedRootGroup;
			path = Files;
			sourceTree = "<group>";
		};
/* End PBXFileSystemSynchronizedRootGroup section */

/* Begin PBXFrameworksBuildPhase section */
		8E0C0AC34843BE096BECE416 /* Frameworks */ = {
			isa = PBXFrameworksBuildPhase;
			buildActionMask = 2147483647;
			files = (
				7EB49A26A989331A34DC6941 /* AetherCircleCore in Frameworks */,
				CD5A65A8D631A72E886816FB /* AetherCircleAVP in Frameworks */,
			);
			runOnlyForDeploymentPostprocessing = 0;
		};
/* End PBXFrameworksBuildPhase section */

/* Begin PBXGroup section */
		3DB0F8363B17372C2358EE40 /* Products */ = {
			isa = PBXGroup;
			children = (
				28E2989C916090F17C7C29AD /* Showcase.app */,
			);
			name = Products;
			sourceTree = "<group>";
		};
		54CF41989963793DB1C5997A /* Resources */ = {
			isa = PBXGroup;
			children = (
			);
			name = Resources;
			sourceTree = "<group>";
		};
		8D6B4F627C5197BB50ED0888 = {
			isa = PBXGroup;
			children = (
				A6C99F58C91D9C3CADA03897 /* Assets.xcassets */,
				B9D69CF73EC939DFD6A639DC /* Info.plist */,
				54CF41989963793DB1C5997A /* Resources */,
				9AFA88DBE6DD639C7C6D1430 /* Showcase */,
				92E8032960949F005079C962 /* Sources */,
				3DB0F8363B17372C2358EE40 /* Products */,
			);
			sourceTree = "<group>";
		};
		92E8032960949F005079C962 /* Sources */ = {
			isa = PBXGroup;
			children = (
				1EBDCEE2FECED2BE00A8CBB1 /* ShowcaseAVPApp.swift */,
			);
			path = Sources;
			sourceTree = "<group>";
		};
		9AFA88DBE6DD639C7C6D1430 /* Showcase */ = {
			isa = PBXGroup;
			children = (
				C89FDA64971BBBE45F55B365 /* Shared */,
			);
			name = Showcase;
			path = ..;
			sourceTree = "<group>";
		};
		C89FDA64971BBBE45F55B365 /* Shared */ = {
			isa = PBXGroup;
			children = (
				7EF1BABD16001F486CC0CA3B /* Files */,
				2C62F6442975E0E9A16AD720 /* Swift */,
			);
			path = Shared;
			sourceTree = "<group>";
		};
/* End PBXGroup section */

/* Begin PBXNativeTarget section */
		A14C904631B1B454E290186A /* Showcase */ = {
			isa = PBXNativeTarget;
			buildConfigurationList = 161ACE1891180AA9AEEBDF0F /* Build configuration list for PBXNativeTarget "Showcase" */;
			buildPhases = (
				5BF800131639751350684970 /* Sources */,
				A9478BE0D8FDB33C5EA99EA4 /* Resources */,
				8E0C0AC34843BE096BECE416 /* Frameworks */,
			);
			buildRules = (
			);
			dependencies = (
			);
			fileSystemSynchronizedGroups = (
				2C62F6442975E0E9A16AD720 /* Swift */,
				7EF1BABD16001F486CC0CA3B /* Files */,
			);
			name = Showcase;
			packageProductDependencies = (
				AF45BB9424018FC73E55FFA5 /* AetherCircleCore */,
				2E806ECE7C71242CC92CA766 /* AetherCircleAVP */,
			);
			productName = Showcase;
			productReference = 28E2989C916090F17C7C29AD /* Showcase.app */;
			productType = "com.apple.product-type.application";
		};
/* End PBXNativeTarget section */

/* Begin PBXProject section */
		74C779619C363002314F3294 /* Project object */ = {
			isa = PBXProject;
			attributes = {
				BuildIndependentTargetsInParallel = YES;
				LastUpgradeCheck = 1430;
			};
			buildConfigurationList = F1A1FA026E795F30AAD5A28C /* Build configuration list for PBXProject "Showcase" */;
			developmentRegion = en;
			hasScannedForEncodings = 0;
			knownRegions = (
				Base,
				en,
			);
			mainGroup = 8D6B4F627C5197BB50ED0888;
			minimizedProjectReferenceProxies = 1;
			packageReferences = (
				E323BDC0952B7BD5A337B66A /* XCRemoteSwiftPackageReference "AetherCircleDevelopment" */,
			);
			preferredProjectObjectVersion = 77;
			productRefGroup = 3DB0F8363B17372C2358EE40 /* Products */;
			projectDirPath = "";
			projectRoot = "";
			targets = (
				A14C904631B1B454E290186A /* Showcase */,
			);
		};
/* End PBXProject section */

/* Begin PBXResourcesBuildPhase section */
		A9478BE0D8FDB33C5EA99EA4 /* Resources */ = {
			isa = PBXResourcesBuildPhase;
			buildActionMask = 2147483647;
			files = (
				AAB1526EB8D9A1A56BABD618 /* Assets.xcassets in Resources */,
				E7DAC3F13FD4AD366F0B30ED /* Files in Resources */,
			);
			runOnlyForDeploymentPostprocessing = 0;
		};
/* End PBXResourcesBuildPhase section */

/* Begin PBXSourcesBuildPhase section */
		5BF800131639751350684970 /* Sources */ = {
			isa = PBXSourcesBuildPhase;
			buildActionMask = 2147483647;
			files = (
				86BBE8CCFFCD1F5AA71B68CF /* ShowcaseAVPApp.swift in Sources */,
				E50080025B073E6B8DB867ED /* Swift in Sources */,
			);
			runOnlyForDeploymentPostprocessing = 0;
		};
/* End PBXSourcesBuildPhase section */

/* Begin XCBuildConfiguration section */
		03B15D32B72138E99F313FE7 /* Debug */ = {
			isa = XCBuildConfiguration;
			buildSettings = {
				ASSETCATALOG_COMPILER_APPICON_NAME = AppIcon;
				CURRENT_PROJECT_VERSION = 1;
				DEVELOPMENT_TEAM = ZTFNBJMT4H;
				INFOPLIST_FILE = Info.plist;
				LD_RUNPATH_SEARCH_PATHS = (
					"$(inherited)",
					"@executable_path/Frameworks",
				);
				MARKETING_VERSION = 0.1.0;
				PRODUCT_BUNDLE_IDENTIFIER = com.zodiacinnovations.showcase;
				PRODUCT_NAME = Showcase;
				SDKROOT = xros;
				SWIFT_VERSION = 6.0;
				TARGETED_DEVICE_FAMILY = 7;
			};
			name = Debug;
		};
		594B8B19829FE7AE77CE6FEB /* Release */ = {
			isa = XCBuildConfiguration;
			buildSettings = {
				ALWAYS_SEARCH_USER_PATHS = NO;
				CLANG_ANALYZER_NONNULL = YES;
				CLANG_ANALYZER_NUMBER_OBJECT_CONVERSION = YES_AGGRESSIVE;
				CLANG_CXX_LANGUAGE_STANDARD = "gnu++14";
				CLANG_CXX_LIBRARY = "libc++";
				CLANG_ENABLE_MODULES = YES;
				CLANG_ENABLE_OBJC_ARC = YES;
				CLANG_ENABLE_OBJC_WEAK = YES;
				CLANG_WARN_BLOCK_CAPTURE_AUTORELEASING = YES;
				CLANG_WARN_BOOL_CONVERSION = YES;
				CLANG_WARN_COMMA = YES;
				CLANG_WARN_CONSTANT_CONVERSION = YES;
				CLANG_WARN_DEPRECATED_OBJC_IMPLEMENTATIONS = YES;
				CLANG_WARN_DIRECT_OBJC_ISA_USAGE = YES_ERROR;
				CLANG_WARN_DOCUMENTATION_COMMENTS = YES;
				CLANG_WARN_EMPTY_BODY = YES;
				CLANG_WARN_ENUM_CONVERSION = YES;
				CLANG_WARN_INFINITE_RECURSION = YES;
				CLANG_WARN_INT_CONVERSION = YES;
				CLANG_WARN_NON_LITERAL_NULL_CONVERSION = YES;
				CLANG_WARN_OBJC_IMPLICIT_RETAIN_SELF = YES;
				CLANG_WARN_OBJC_LITERAL_CONVERSION = YES;
				CLANG_WARN_OBJC_ROOT_CLASS = YES_ERROR;
				CLANG_WARN_QUOTED_INCLUDE_IN_FRAMEWORK_HEADER = YES;
				CLANG_WARN_RANGE_LOOP_ANALYSIS = YES;
				CLANG_WARN_STRICT_PROTOTYPES = YES;
				CLANG_WARN_SUSPICIOUS_MOVE = YES;
				CLANG_WARN_UNGUARDED_AVAILABILITY = YES_AGGRESSIVE;
				CLANG_WARN_UNREACHABLE_CODE = YES;
				CLANG_WARN__DUPLICATE_METHOD_MATCH = YES;
				COPY_PHASE_STRIP = NO;
				DEBUG_INFORMATION_FORMAT = "dwarf-with-dsym";
				ENABLE_NS_ASSERTIONS = NO;
				ENABLE_STRICT_OBJC_MSGSEND = YES;
				GCC_C_LANGUAGE_STANDARD = gnu11;
				GCC_NO_COMMON_BLOCKS = YES;
				GCC_WARN_64_TO_32_BIT_CONVERSION = YES;
				GCC_WARN_ABOUT_RETURN_TYPE = YES_ERROR;
				GCC_WARN_UNDECLARED_SELECTOR = YES;
				GCC_WARN_UNINITIALIZED_AUTOS = YES_AGGRESSIVE;
				GCC_WARN_UNUSED_FUNCTION = YES;
				GCC_WARN_UNUSED_VARIABLE = YES;
				MTL_ENABLE_DEBUG_INFO = NO;
				MTL_FAST_MATH = YES;
				PRODUCT_NAME = "$(TARGET_NAME)";
				SDKROOT = xros;
				SWIFT_COMPILATION_MODE = wholemodule;
				SWIFT_OPTIMIZATION_LEVEL = "-O";
				SWIFT_VERSION = 5.0;
				XROS_DEPLOYMENT_TARGET = 2.0;
			};
			name = Release;
		};
		9F708E70AAA543778DBD775F /* Release */ = {
			isa = XCBuildConfiguration;
			buildSettings = {
				ASSETCATALOG_COMPILER_APPICON_NAME = AppIcon;
				CURRENT_PROJECT_VERSION = 1;
				DEVELOPMENT_TEAM = ZTFNBJMT4H;
				INFOPLIST_FILE = Info.plist;
				LD_RUNPATH_SEARCH_PATHS = (
					"$(inherited)",
					"@executable_path/Frameworks",
				);
				MARKETING_VERSION = 0.1.0;
				PRODUCT_BUNDLE_IDENTIFIER = com.zodiacinnovations.showcase;
				PRODUCT_NAME = Showcase;
				SDKROOT = xros;
				SWIFT_VERSION = 6.0;
				TARGETED_DEVICE_FAMILY = 7;
			};
			name = Release;
		};
		D572711C46520681591D7718 /* Debug */ = {
			isa = XCBuildConfiguration;
			buildSettings = {
				ALWAYS_SEARCH_USER_PATHS = NO;
				CLANG_ANALYZER_NONNULL = YES;
				CLANG_ANALYZER_NUMBER_OBJECT_CONVERSION = YES_AGGRESSIVE;
				CLANG_CXX_LANGUAGE_STANDARD = "gnu++14";
				CLANG_CXX_LIBRARY = "libc++";
				CLANG_ENABLE_MODULES = YES;
				CLANG_ENABLE_OBJC_ARC = YES;
				CLANG_ENABLE_OBJC_WEAK = YES;
				CLANG_WARN_BLOCK_CAPTURE_AUTORELEASING = YES;
				CLANG_WARN_BOOL_CONVERSION = YES;
				CLANG_WARN_COMMA = YES;
				CLANG_WARN_CONSTANT_CONVERSION = YES;
				CLANG_WARN_DEPRECATED_OBJC_IMPLEMENTATIONS = YES;
				CLANG_WARN_DIRECT_OBJC_ISA_USAGE = YES_ERROR;
				CLANG_WARN_DOCUMENTATION_COMMENTS = YES;
				CLANG_WARN_EMPTY_BODY = YES;
				CLANG_WARN_ENUM_CONVERSION = YES;
				CLANG_WARN_INFINITE_RECURSION = YES;
				CLANG_WARN_INT_CONVERSION = YES;
				CLANG_WARN_NON_LITERAL_NULL_CONVERSION = YES;
				CLANG_WARN_OBJC_IMPLICIT_RETAIN_SELF = YES;
				CLANG_WARN_OBJC_LITERAL_CONVERSION = YES;
				CLANG_WARN_OBJC_ROOT_CLASS = YES_ERROR;
				CLANG_WARN_QUOTED_INCLUDE_IN_FRAMEWORK_HEADER = YES;
				CLANG_WARN_RANGE_LOOP_ANALYSIS = YES;
				CLANG_WARN_STRICT_PROTOTYPES = YES;
				CLANG_WARN_SUSPICIOUS_MOVE = YES;
				CLANG_WARN_UNGUARDED_AVAILABILITY = YES_AGGRESSIVE;
				CLANG_WARN_UNREACHABLE_CODE = YES;
				CLANG_WARN__DUPLICATE_METHOD_MATCH = YES;
				COPY_PHASE_STRIP = NO;
				DEBUG_INFORMATION_FORMAT = dwarf;
				ENABLE_STRICT_OBJC_MSGSEND = YES;
				ENABLE_TESTABILITY = YES;
				GCC_C_LANGUAGE_STANDARD = gnu11;
				GCC_DYNAMIC_NO_PIC = NO;
				GCC_NO_COMMON_BLOCKS = YES;
				GCC_OPTIMIZATION_LEVEL = 0;
				GCC_PREPROCESSOR_DEFINITIONS = (
					"$(inherited)",
					"DEBUG=1",
				);
				GCC_WARN_64_TO_32_BIT_CONVERSION = YES;
				GCC_WARN_ABOUT_RETURN_TYPE = YES_ERROR;
				GCC_WARN_UNDECLARED_SELECTOR = YES;
				GCC_WARN_UNINITIALIZED_AUTOS = YES_AGGRESSIVE;
				GCC_WARN_UNUSED_FUNCTION = YES;
				GCC_WARN_UNUSED_VARIABLE = YES;
				MTL_ENABLE_DEBUG_INFO = INCLUDE_SOURCE;
				MTL_FAST_MATH = YES;
				ONLY_ACTIVE_ARCH = YES;
				PRODUCT_NAME = "$(TARGET_NAME)";
				SDKROOT = xros;
				SWIFT_ACTIVE_COMPILATION_CONDITIONS = DEBUG;
				SWIFT_OPTIMIZATION_LEVEL = "-Onone";
				SWIFT_VERSION = 5.0;
				XROS_DEPLOYMENT_TARGET = 2.0;
			};
			name = Debug;
		};
/* End XCBuildConfiguration section */

/* Begin XCConfigurationList section */
		161ACE1891180AA9AEEBDF0F /* Build configuration list for PBXNativeTarget "Showcase" */ = {
			isa = XCConfigurationList;
			buildConfigurations = (
				03B15D32B72138E99F313FE7 /* Debug */,
				9F708E70AAA543778DBD775F /* Release */,
			);
			defaultConfigurationIsVisible = 0;
			defaultConfigurationName = Debug;
		};
		F1A1FA026E795F30AAD5A28C /* Build configuration list for PBXProject "Showcase" */ = {
			isa = XCConfigurationList;
			buildConfigurations = (
				D572711C46520681591D7718 /* Debug */,
				594B8B19829FE7AE77CE6FEB /* Release */,
			);
			defaultConfigurationIsVisible = 0;
			defaultConfigurationName = Debug;
		};
/* End XCConfigurationList section */

/* Begin XCRemoteSwiftPackageReference section */
		E323BDC0952B7BD5A337B66A /* XCRemoteSwiftPackageReference "AetherCircleDevelopment" */ = {
			isa = XCRemoteSwiftPackageReference;
			repositoryURL = "https://github.com/Zodiac-Innovations/AetherCircleDevelopment.git";
			requirement = {
				branch = main;
				kind = branch;
			};
		};
/* End XCRemoteSwiftPackageReference section */

/* Begin XCSwiftPackageProductDependency section */
		2E806ECE7C71242CC92CA766 /* AetherCircleAVP */ = {
			isa = XCSwiftPackageProductDependency;
			package = E323BDC0952B7BD5A337B66A /* XCRemoteSwiftPackageReference "AetherCircleDevelopment" */;
			productName = AetherCircleAVP;
		};
		AF45BB9424018FC73E55FFA5 /* AetherCircleCore */ = {
			isa = XCSwiftPackageProductDependency;
			package = E323BDC0952B7BD5A337B66A /* XCRemoteSwiftPackageReference "AetherCircleDevelopment" */;
			productName = AetherCircleCore;
		};
/* End XCSwiftPackageProductDependency section */
	};
	rootObject = 74C779619C363002314F3294 /* Project object */;
}
